
Microsoft Visual Studio Solution File, Format Version 12.00
# Visual Studio Version 16
VisualStudioVersion = 16.0.30320.27
MinimumVisualStudioVersion = 10.0.40219.1
Project("{8BC9CEB8-8B4A-11D0-8D11-00A0C91BC942}") = "EXE2DLL", "EXE2DLL\EXE2DLL.vcxproj", "{0A51A643-2C9D-4DAD-B5A7-A1A74433B147}"
EndProject
Global
	GlobalSection(SolutionConfigurationPlatforms) = preSolution
		Debug|x64 = Debug|x64
		Debug|x86 = Debug|x86
		Release|x64 = Release|x64
		Release|x86 = Release|x86
	EndGlobalSection
	GlobalSection(ProjectConfigurationPlatforms) = postSolution
		{0A51A643-2C9D-4DAD-B5A7-A1A74433B147}.Debug|x64.ActiveCfg = Debug|x64
		{0A51A643-2C9D-4DAD-B5A7-A1A74433B147}.Debug|x64.Build.0 = Debug|x64
		{0A51A643-2C9D-4DAD-B5A7-A1A74433B147}.Debug|x86.ActiveCfg = Debug|Win32
		{0A51A643-2C9D-4DAD-B5A7-A1A74433B147}.Debug|x86.Build.0 = Debug|Win32
		{0A51A643-2C9D-4DAD-B5A7-A1A74433B147}.Release|x64.ActiveCfg = Release|x64
		{0A51A643-2C9D-4DAD-B5A7-A1A74433B147}.Release|x64.Build.0 = Release|x64
		{0A51A643-2C9D-4DAD-B5A7-A1A74433B147}.Release|x86.ActiveCfg = Release|Win32
		{0A51A643-2C9D-4DAD-B5A7-A1A74433B147}.Release|x86.Build.0 = Release|Win32
	EndGlobalSection
	GlobalSection(SolutionProperties) = preSolution
		HideSolutionNode = FALSE
	EndGlobalSection
	GlobalSection(ExtensibilityGlobals) = postSolution
		SolutionGuid = {FF7BA705-DFE5-4CD2-8CEC-E7E108FA9851}
	EndGlobalSection
EndGlobal
